
Microsoft Visual Studio Solution File, Format Version 12.00
# Visual Studio 15
VisualStudioVersion = 15.0.26730.12
MinimumVisualStudioVersion = 10.0.40219.1
Project("{9A19103F-16F7-4668-BE54-9A1E7A4F7556}") = "HomeMyDay.Tests", "HomeMyDay.Tests\HomeMyDay.Tests.csproj", "{A2BCDBC9-784A-4E0F-8922-6FB01ADE6D68}"
EndProject
Project("{9A19103F-16F7-4668-BE54-9A1E7A4F7556}") = "HomeMyDay.Core", "HomeMyDay.Core\HomeMyDay.Core.csproj", "{B60DD0B5-415E-44AA-9064-A8AA682CC19E}"
EndProject
Project("{9A19103F-16F7-4668-BE54-9A1E7A4F7556}") = "HomeMyDay.Web.Identity", "HomeMyDay.Web.Identity\HomeMyDay.Web.Identity.csproj", "{2BD40B1D-2F49-4E0C-AB10-788502E10A4A}"
EndProject
Project("{9A19103F-16F7-4668-BE54-9A1E7A4F7556}") = "HomeMyDay.Infrastructure", "HomeMyDay.Infrastructure\HomeMyDay.Infrastructure.csproj", "{C7E4E231-5C81-41DC-9D00-DDB7790959FE}"
EndProject
Project("{9A19103F-16F7-4668-BE54-9A1E7A4F7556}") = "HomeMyDay.Web", "HomeMyDay.Web\HomeMyDay.Web.csproj", "{40F7C8E2-7CFB-4F48-8C9B-5C53A8832E90}"
EndProject
Project("{9A19103F-16F7-4668-BE54-9A1E7A4F7556}") = "HomeMyDay.Web.Site.Home", "HomeMyDay.Web.Site.Home\HomeMyDay.Web.Site.Home.csproj", "{4EA98C00-095E-4672-B587-2B2D73A9475E}"
EndProject
Project("{9A19103F-16F7-4668-BE54-9A1E7A4F7556}") = "HomeMyDay.Web.Base.Home", "HomeMyDay.Web.Base.Home\HomeMyDay.Web.Base.Home.csproj", "{4E567EFC-388A-4D6E-844F-8658A66B3294}"
EndProject
Project("{9A19103F-16F7-4668-BE54-9A1E7A4F7556}") = "HomeMyDay.Web.Base", "HomeMyDay.Web.Base\HomeMyDay.Web.Base.csproj", "{D5822C42-98D9-4743-9DAD-B0FDBB0383C7}"
EndProject
Project("{FAE04EC0-301F-11D3-BF4B-00C04F79EFBC}") = "HomeMyDay.Web.Site.Cms", "HomeMyDay.Web.Site.Cms\HomeMyDay.Web.Site.Cms.csproj", "{DEEF8508-493C-4694-8DA7-D9EBA8CE5EC2}"
EndProject
Global
	GlobalSection(SolutionConfigurationPlatforms) = preSolution
		Debug|Any CPU = Debug|Any CPU
		Release|Any CPU = Release|Any CPU
	EndGlobalSection
	GlobalSection(ProjectConfigurationPlatforms) = postSolution
		{A2BCDBC9-784A-4E0F-8922-6FB01ADE6D68}.Debug|Any CPU.ActiveCfg = Debug|Any CPU
		{A2BCDBC9-784A-4E0F-8922-6FB01ADE6D68}.Debug|Any CPU.Build.0 = Debug|Any CPU
		{A2BCDBC9-784A-4E0F-8922-6FB01ADE6D68}.Release|Any CPU.ActiveCfg = Release|Any CPU
		{A2BCDBC9-784A-4E0F-8922-6FB01ADE6D68}.Release|Any CPU.Build.0 = Release|Any CPU
		{B60DD0B5-415E-44AA-9064-A8AA682CC19E}.Debug|Any CPU.ActiveCfg = Debug|Any CPU
		{B60DD0B5-415E-44AA-9064-A8AA682CC19E}.Debug|Any CPU.Build.0 = Debug|Any CPU
		{B60DD0B5-415E-44AA-9064-A8AA682CC19E}.Release|Any CPU.ActiveCfg = Release|Any CPU
		{B60DD0B5-415E-44AA-9064-A8AA682CC19E}.Release|Any CPU.Build.0 = Release|Any CPU
		{2BD40B1D-2F49-4E0C-AB10-788502E10A4A}.Debug|Any CPU.ActiveCfg = Debug|Any CPU
		{2BD40B1D-2F49-4E0C-AB10-788502E10A4A}.Debug|Any CPU.Build.0 = Debug|Any CPU
		{2BD40B1D-2F49-4E0C-AB10-788502E10A4A}.Release|Any CPU.ActiveCfg = Release|Any CPU
		{2BD40B1D-2F49-4E0C-AB10-788502E10A4A}.Release|Any CPU.Build.0 = Release|Any CPU
		{C7E4E231-5C81-41DC-9D00-DDB7790959FE}.Debug|Any CPU.ActiveCfg = Debug|Any CPU
		{C7E4E231-5C81-41DC-9D00-DDB7790959FE}.Debug|Any CPU.Build.0 = Debug|Any CPU
		{C7E4E231-5C81-41DC-9D00-DDB7790959FE}.Release|Any CPU.ActiveCfg = Release|Any CPU
		{C7E4E231-5C81-41DC-9D00-DDB7790959FE}.Release|Any CPU.Build.0 = Release|Any CPU
		{40F7C8E2-7CFB-4F48-8C9B-5C53A8832E90}.Debug|Any CPU.ActiveCfg = Debug|Any CPU
		{40F7C8E2-7CFB-4F48-8C9B-5C53A8832E90}.Debug|Any CPU.Build.0 = Debug|Any CPU
		{40F7C8E2-7CFB-4F48-8C9B-5C53A8832E90}.Release|Any CPU.ActiveCfg = Release|Any CPU
		{40F7C8E2-7CFB-4F48-8C9B-5C53A8832E90}.Release|Any CPU.Build.0 = Release|Any CPU
		{4EA98C00-095E-4672-B587-2B2D73A9475E}.Debug|Any CPU.ActiveCfg = Debug|Any CPU
		{4EA98C00-095E-4672-B587-2B2D73A9475E}.Debug|Any CPU.Build.0 = Debug|Any CPU
		{4EA98C00-095E-4672-B587-2B2D73A9475E}.Release|Any CPU.ActiveCfg = Release|Any CPU
		{4EA98C00-095E-4672-B587-2B2D73A9475E}.Release|Any CPU.Build.0 = Release|Any CPU
		{4E567EFC-388A-4D6E-844F-8658A66B3294}.Debug|Any CPU.ActiveCfg = Debug|Any CPU
		{4E567EFC-388A-4D6E-844F-8658A66B3294}.Debug|Any CPU.Build.0 = Debug|Any CPU
		{4E567EFC-388A-4D6E-844F-8658A66B3294}.Release|Any CPU.ActiveCfg = Release|Any CPU
		{4E567EFC-388A-4D6E-844F-8658A66B3294}.Release|Any CPU.Build.0 = Release|Any CPU
		{D5822C42-98D9-4743-9DAD-B0FDBB0383C7}.Debug|Any CPU.ActiveCfg = Debug|Any CPU
		{D5822C42-98D9-4743-9DAD-B0FDBB0383C7}.Debug|Any CPU.Build.0 = Debug|Any CPU
		{D5822C42-98D9-4743-9DAD-B0FDBB0383C7}.Release|Any CPU.ActiveCfg = Release|Any CPU
		{D5822C42-98D9-4743-9DAD-B0FDBB0383C7}.Release|Any CPU.Build.0 = Release|Any CPU
		{DEEF8508-493C-4694-8DA7-D9EBA8CE5EC2}.Debug|Any CPU.ActiveCfg = Debug|Any CPU
		{DEEF8508-493C-4694-8DA7-D9EBA8CE5EC2}.Debug|Any CPU.Build.0 = Debug|Any CPU
		{DEEF8508-493C-4694-8DA7-D9EBA8CE5EC2}.Release|Any CPU.ActiveCfg = Release|Any CPU
		{DEEF8508-493C-4694-8DA7-D9EBA8CE5EC2}.Release|Any CPU.Build.0 = Release|Any CPU
	EndGlobalSection
	GlobalSection(SolutionProperties) = preSolution
		HideSolutionNode = FALSE
	EndGlobalSection
	GlobalSection(ExtensibilityGlobals) = postSolution
		SolutionGuid = {E32C701A-9907-479F-9592-18650FB7B50B}
	EndGlobalSection
EndGlobal
