
Microsoft Visual Studio Solution File, Format Version 12.00
# Visual Studio 15
VisualStudioVersion = 15.0.26730.12
MinimumVisualStudioVersion = 10.0.40219.1
Project("{9A19103F-16F7-4668-BE54-9A1E7A4F7556}") = "HomeMyDay", "HomeMyDay\HomeMyDay.csproj", "{A1BF6B3B-FA8D-4973-B4B1-A083CDE6F48B}"
EndProject
Project("{FAE04EC0-301F-11D3-BF4B-00C04F79EFBC}") = "HomeMyDay.Tests", "HomeMyDay.Test\HomeMyDay.Tests.csproj", "{80BC38F2-C028-4E90-9EB4-FFCF391A2461}"
EndProject
Global
	GlobalSection(SolutionConfigurationPlatforms) = preSolution
		Debug|Any CPU = Debug|Any CPU
		Release|Any CPU = Release|Any CPU
	EndGlobalSection
	GlobalSection(ProjectConfigurationPlatforms) = postSolution
		{A1BF6B3B-FA8D-4973-B4B1-A083CDE6F48B}.Debug|Any CPU.ActiveCfg = Debug|Any CPU
		{A1BF6B3B-FA8D-4973-B4B1-A083CDE6F48B}.Debug|Any CPU.Build.0 = Debug|Any CPU
		{A1BF6B3B-FA8D-4973-B4B1-A083CDE6F48B}.Release|Any CPU.ActiveCfg = Release|Any CPU
		{A1BF6B3B-FA8D-4973-B4B1-A083CDE6F48B}.Release|Any CPU.Build.0 = Release|Any CPU
		{80BC38F2-C028-4E90-9EB4-FFCF391A2461}.Debug|Any CPU.ActiveCfg = Debug|Any CPU
		{80BC38F2-C028-4E90-9EB4-FFCF391A2461}.Debug|Any CPU.Build.0 = Debug|Any CPU
		{80BC38F2-C028-4E90-9EB4-FFCF391A2461}.Release|Any CPU.ActiveCfg = Release|Any CPU
		{80BC38F2-C028-4E90-9EB4-FFCF391A2461}.Release|Any CPU.Build.0 = Release|Any CPU
	EndGlobalSection
	GlobalSection(SolutionProperties) = preSolution
		HideSolutionNode = FALSE
	EndGlobalSection
	GlobalSection(ExtensibilityGlobals) = postSolution
		SolutionGuid = {E32C701A-9907-479F-9592-18650FB7B50B}
	EndGlobalSection
EndGlobal
